
Microsoft Visual Studio Solution File, Format Version 12.00
# Visual Studio Version 17
VisualStudioVersion = 17.5.002.0
MinimumVisualStudioVersion = 10.0.40219.1
Project("{9A19103F-16F7-4668-BE54-9A1E7A4F7556}") = "ExemploPOO", "ExemploPOO.csproj", "{5E08FAD0-EB19-4FE0-9C25-9DBF9068456E}"
EndProject
Global
	GlobalSection(SolutionConfigurationPlatforms) = preSolution
		Debug|Any CPU = Debug|Any CPU
		Release|Any CPU = Release|Any CPU
	EndGlobalSection
	GlobalSection(ProjectConfigurationPlatforms) = postSolution
		{5E08FAD0-EB19-4FE0-9C25-9DBF9068456E}.Debug|Any CPU.ActiveCfg = Debug|Any CPU
		{5E08FAD0-EB19-4FE0-9C25-9DBF9068456E}.Debug|Any CPU.Build.0 = Debug|Any CPU
		{5E08FAD0-EB19-4FE0-9C25-9DBF9068456E}.Release|Any CPU.ActiveCfg = Release|Any CPU
		{5E08FAD0-EB19-4FE0-9C25-9DBF9068456E}.Release|Any CPU.Build.0 = Release|Any CPU
	EndGlobalSection
	GlobalSection(SolutionProperties) = preSolution
		HideSolutionNode = FALSE
	EndGlobalSection
	GlobalSection(ExtensibilityGlobals) = postSolution
		SolutionGuid = {8ED9A5D0-7A66-48AF-934C-48F4002FB2D1}
	EndGlobalSection
EndGlobal
